
Microsoft Visual Studio Solution File, Format Version 12.00
# Visual Studio Version 16
VisualStudioVersion = 16.0.31829.152
MinimumVisualStudioVersion = 10.0.40219.1
Project("{8BC9CEB8-8B4A-11D0-8D11-00A0C91BC942}") = "Sandbox", "Sandbox\Sandbox.vcxproj", "{B6921B87-675A-48F2-B613-FF14C0E82C5F}"
EndProject
Project("{8BC9CEB8-8B4A-11D0-8D11-00A0C91BC942}") = "CreamEngine", "CreamEngine\CreamEngine.vcxproj", "{F9A02027-2039-4C8E-A398-750AA5E5EA3D}"
EndProject

Global
	GlobalSection(SolutionConfigurationPlatforms) = preSolution
		Debug|x64 = Debug|x64
		Release|x64 = Release|x64
	EndGlobalSection
	GlobalSection(ProjectConfigurationPlatforms) = postSolution
		{F9A02027-2039-4C8E-A398-750AA5E5EA3D}.Debug|x64.ActiveCfg = Debug|x64
		{F9A02027-2039-4C8E-A398-750AA5E5EA3D}.Debug|x64.Build.0 = Debug|x64
		{F9A02027-2039-4C8E-A398-750AA5E5EA3D}.Release|x64.ActiveCfg = Release|x64
		{F9A02027-2039-4C8E-A398-750AA5E5EA3D}.Release|x64.Build.0 = Release|x64
		{B6921B87-675A-48F2-B613-FF14C0E82C5F}.Debug|x64.ActiveCfg = Debug|x64
		{B6921B87-675A-48F2-B613-FF14C0E82C5F}.Debug|x64.Build.0 = Debug|x64
		{B6921B87-675A-48F2-B613-FF14C0E82C5F}.Release|x64.ActiveCfg = Release|x64
		{B6921B87-675A-48F2-B613-FF14C0E82C5F}.Release|x64.Build.0 = Release|x64
	EndGlobalSection
	GlobalSection(SolutionProperties) = preSolution
		HideSolutionNode = FALSE
	EndGlobalSection
	GlobalSection(ExtensibilityGlobals) = postSolution
		SolutionGuid = {E1FF3027-D810-42A5-96CD-AACADEF5046B}
	EndGlobalSection
EndGlobal
